
Microsoft Visual Studio Solution File, Format Version 12.00
# Visual Studio 15
VisualStudioVersion = 15.0.28307.960
MinimumVisualStudioVersion = 10.0.40219.1
Project("{FAE04EC0-301F-11D3-BF4B-00C04F79EFBC}") = "jsondotnet_Sample", "jsondotnet_Sample\jsondotnet_Sample.csproj", "{D01B134F-AF7D-49C2-B35D-E27C39DBCF17}"
EndProject
Global
	GlobalSection(SolutionConfigurationPlatforms) = preSolution
		Debug|Any CPU = Debug|Any CPU
		Release|Any CPU = Release|Any CPU
	EndGlobalSection
	GlobalSection(ProjectConfigurationPlatforms) = postSolution
		{D01B134F-AF7D-49C2-B35D-E27C39DBCF17}.Debug|Any CPU.ActiveCfg = Debug|Any CPU
		{D01B134F-AF7D-49C2-B35D-E27C39DBCF17}.Debug|Any CPU.Build.0 = Debug|Any CPU
		{D01B134F-AF7D-49C2-B35D-E27C39DBCF17}.Release|Any CPU.ActiveCfg = Release|Any CPU
		{D01B134F-AF7D-49C2-B35D-E27C39DBCF17}.Release|Any CPU.Build.0 = Release|Any CPU
	EndGlobalSection
	GlobalSection(SolutionProperties) = preSolution
		HideSolutionNode = FALSE
	EndGlobalSection
	GlobalSection(ExtensibilityGlobals) = postSolution
		SolutionGuid = {37B1AC1D-FD6F-4C5F-AAD7-C94CBB14AF07}
	EndGlobalSection
EndGlobal
